
Microsoft Visual Studio Solution File, Format Version 12.00
# Visual Studio Version 17
VisualStudioVersion = 17.8.34525.116
MinimumVisualStudioVersion = 10.0.40219.1
Project("{9A19103F-16F7-4668-BE54-9A1E7A4F7556}") = "DesafioPOO", "DesafioPOO.csproj", "{937A49B9-46EB-4FCE-848F-D949AFC2D91E}"
EndProject
Global
	GlobalSection(SolutionConfigurationPlatforms) = preSolution
		Debug|Any CPU = Debug|Any CPU
		Release|Any CPU = Release|Any CPU
	EndGlobalSection
	GlobalSection(ProjectConfigurationPlatforms) = postSolution
		{937A49B9-46EB-4FCE-848F-D949AFC2D91E}.Debug|Any CPU.ActiveCfg = Debug|Any CPU
		{937A49B9-46EB-4FCE-848F-D949AFC2D91E}.Debug|Any CPU.Build.0 = Debug|Any CPU
		{937A49B9-46EB-4FCE-848F-D949AFC2D91E}.Release|Any CPU.ActiveCfg = Release|Any CPU
		{937A49B9-46EB-4FCE-848F-D949AFC2D91E}.Release|Any CPU.Build.0 = Release|Any CPU
	EndGlobalSection
	GlobalSection(SolutionProperties) = preSolution
		HideSolutionNode = FALSE
	EndGlobalSection
	GlobalSection(ExtensibilityGlobals) = postSolution
		SolutionGuid = {27F97E76-7218-4624-BD43-9C6660AE1790}
	EndGlobalSection
EndGlobal
